
Microsoft Visual Studio Solution File, Format Version 12.00
# Visual Studio 2012
Project("{D954291E-2A0B-460D-934E-DC6B0785DB48}") = "Multiplatform", "Multiplatform\Multiplatform.shproj", "{81C0EF42-684C-4FDD-99D9-9F7C433FAB73}"
EndProject
Project("{FAE04EC0-301F-11D3-BF4B-00C04F79EFBC}") = "Multiplatform.Droid", "Droid\Multiplatform.Droid.csproj", "{55EA6039-2E17-4885-B39C-1D4827FED0E2}"
EndProject
Project("{FAE04EC0-301F-11D3-BF4B-00C04F79EFBC}") = "Multiplatform.iOS", "iOS\Multiplatform.iOS.csproj", "{B28A3533-53E2-412D-A6B8-6FB18FD13C1E}"
EndProject
Project("{FAE04EC0-301F-11D3-BF4B-00C04F79EFBC}") = "Multiplatform.Mac", "Mac\Multiplatform.Mac.csproj", "{FB9C0726-AC54-4B01-9130-1D0B417EEE39}"
EndProject
Project("{FAE04EC0-301F-11D3-BF4B-00C04F79EFBC}") = "Multiplatform.xUnit", "Multiplatform.xUnit\Multiplatform.xUnit.csproj", "{15C0857E-BACD-43CF-A0A8-8B24FF4D93D7}"
EndProject
Project("{FAE04EC0-301F-11D3-BF4B-00C04F79EFBC}") = "Multiplatform.UItest", "Multiplatform.UItest\Multiplatform.UItest.csproj", "{D0586CDC-8BA7-42C8-840A-6E8317ECB833}"
EndProject
Global
	GlobalSection(SolutionConfigurationPlatforms) = preSolution
		Debug|Any CPU = Debug|Any CPU
		Release|Any CPU = Release|Any CPU
		Debug|iPhoneSimulator = Debug|iPhoneSimulator
		Release|iPhone = Release|iPhone
		Release|iPhoneSimulator = Release|iPhoneSimulator
		Debug|iPhone = Debug|iPhone
		calabash|Any CPU = calabash|Any CPU
	EndGlobalSection
	GlobalSection(ProjectConfigurationPlatforms) = postSolution
		{55EA6039-2E17-4885-B39C-1D4827FED0E2}.Debug|Any CPU.ActiveCfg = Debug|Any CPU
		{55EA6039-2E17-4885-B39C-1D4827FED0E2}.Debug|Any CPU.Build.0 = Debug|Any CPU
		{55EA6039-2E17-4885-B39C-1D4827FED0E2}.Release|Any CPU.ActiveCfg = Release|Any CPU
		{55EA6039-2E17-4885-B39C-1D4827FED0E2}.Release|Any CPU.Build.0 = Release|Any CPU
		{55EA6039-2E17-4885-B39C-1D4827FED0E2}.Debug|iPhoneSimulator.ActiveCfg = Debug|Any CPU
		{55EA6039-2E17-4885-B39C-1D4827FED0E2}.Debug|iPhoneSimulator.Build.0 = Debug|Any CPU
		{55EA6039-2E17-4885-B39C-1D4827FED0E2}.Release|iPhone.ActiveCfg = Release|Any CPU
		{55EA6039-2E17-4885-B39C-1D4827FED0E2}.Release|iPhone.Build.0 = Release|Any CPU
		{55EA6039-2E17-4885-B39C-1D4827FED0E2}.Release|iPhoneSimulator.ActiveCfg = Release|Any CPU
		{55EA6039-2E17-4885-B39C-1D4827FED0E2}.Release|iPhoneSimulator.Build.0 = Release|Any CPU
		{55EA6039-2E17-4885-B39C-1D4827FED0E2}.Debug|iPhone.ActiveCfg = Debug|Any CPU
		{55EA6039-2E17-4885-B39C-1D4827FED0E2}.Debug|iPhone.Build.0 = Debug|Any CPU
		{55EA6039-2E17-4885-B39C-1D4827FED0E2}.calabash|Any CPU.ActiveCfg = Release|Any CPU
		{55EA6039-2E17-4885-B39C-1D4827FED0E2}.calabash|Any CPU.Build.0 = Release|Any CPU
		{B28A3533-53E2-412D-A6B8-6FB18FD13C1E}.Debug|Any CPU.ActiveCfg = Debug|iPhoneSimulator
		{B28A3533-53E2-412D-A6B8-6FB18FD13C1E}.Debug|Any CPU.Build.0 = Debug|iPhoneSimulator
		{B28A3533-53E2-412D-A6B8-6FB18FD13C1E}.Release|Any CPU.ActiveCfg = Release|iPhoneSimulator
		{B28A3533-53E2-412D-A6B8-6FB18FD13C1E}.Release|Any CPU.Build.0 = Release|iPhoneSimulator
		{B28A3533-53E2-412D-A6B8-6FB18FD13C1E}.Debug|iPhoneSimulator.ActiveCfg = Debug|iPhoneSimulator
		{B28A3533-53E2-412D-A6B8-6FB18FD13C1E}.Debug|iPhoneSimulator.Build.0 = Debug|iPhoneSimulator
		{B28A3533-53E2-412D-A6B8-6FB18FD13C1E}.Release|iPhone.ActiveCfg = Release|iPhone
		{B28A3533-53E2-412D-A6B8-6FB18FD13C1E}.Release|iPhone.Build.0 = Release|iPhone
		{B28A3533-53E2-412D-A6B8-6FB18FD13C1E}.Release|iPhoneSimulator.ActiveCfg = Release|iPhoneSimulator
		{B28A3533-53E2-412D-A6B8-6FB18FD13C1E}.Release|iPhoneSimulator.Build.0 = Release|iPhoneSimulator
		{B28A3533-53E2-412D-A6B8-6FB18FD13C1E}.Debug|iPhone.ActiveCfg = Debug|iPhone
		{B28A3533-53E2-412D-A6B8-6FB18FD13C1E}.Debug|iPhone.Build.0 = Debug|iPhone
		{B28A3533-53E2-412D-A6B8-6FB18FD13C1E}.calabash|Any CPU.ActiveCfg = Debug|iPhoneSimulator
		{B28A3533-53E2-412D-A6B8-6FB18FD13C1E}.calabash|Any CPU.Build.0 = Debug|iPhoneSimulator
		{FB9C0726-AC54-4B01-9130-1D0B417EEE39}.Debug|Any CPU.ActiveCfg = Debug|Any CPU
		{FB9C0726-AC54-4B01-9130-1D0B417EEE39}.Debug|Any CPU.Build.0 = Debug|Any CPU
		{FB9C0726-AC54-4B01-9130-1D0B417EEE39}.Release|Any CPU.ActiveCfg = Release|Any CPU
		{FB9C0726-AC54-4B01-9130-1D0B417EEE39}.Release|Any CPU.Build.0 = Release|Any CPU
		{FB9C0726-AC54-4B01-9130-1D0B417EEE39}.Debug|iPhoneSimulator.ActiveCfg = Debug|Any CPU
		{FB9C0726-AC54-4B01-9130-1D0B417EEE39}.Debug|iPhoneSimulator.Build.0 = Debug|Any CPU
		{FB9C0726-AC54-4B01-9130-1D0B417EEE39}.Release|iPhone.ActiveCfg = Release|Any CPU
		{FB9C0726-AC54-4B01-9130-1D0B417EEE39}.Release|iPhone.Build.0 = Release|Any CPU
		{FB9C0726-AC54-4B01-9130-1D0B417EEE39}.Release|iPhoneSimulator.ActiveCfg = Release|Any CPU
		{FB9C0726-AC54-4B01-9130-1D0B417EEE39}.Release|iPhoneSimulator.Build.0 = Release|Any CPU
		{FB9C0726-AC54-4B01-9130-1D0B417EEE39}.Debug|iPhone.ActiveCfg = Debug|Any CPU
		{FB9C0726-AC54-4B01-9130-1D0B417EEE39}.Debug|iPhone.Build.0 = Debug|Any CPU
		{FB9C0726-AC54-4B01-9130-1D0B417EEE39}.calabash|Any CPU.ActiveCfg = Debug|Any CPU
		{15C0857E-BACD-43CF-A0A8-8B24FF4D93D7}.Debug|Any CPU.ActiveCfg = Debug|Any CPU
		{15C0857E-BACD-43CF-A0A8-8B24FF4D93D7}.Debug|Any CPU.Build.0 = Debug|Any CPU
		{15C0857E-BACD-43CF-A0A8-8B24FF4D93D7}.Release|Any CPU.ActiveCfg = Release|Any CPU
		{15C0857E-BACD-43CF-A0A8-8B24FF4D93D7}.Release|Any CPU.Build.0 = Release|Any CPU
		{15C0857E-BACD-43CF-A0A8-8B24FF4D93D7}.Debug|iPhoneSimulator.ActiveCfg = Debug|Any CPU
		{15C0857E-BACD-43CF-A0A8-8B24FF4D93D7}.Debug|iPhoneSimulator.Build.0 = Debug|Any CPU
		{15C0857E-BACD-43CF-A0A8-8B24FF4D93D7}.Release|iPhone.ActiveCfg = Release|Any CPU
		{15C0857E-BACD-43CF-A0A8-8B24FF4D93D7}.Release|iPhone.Build.0 = Release|Any CPU
		{15C0857E-BACD-43CF-A0A8-8B24FF4D93D7}.Release|iPhoneSimulator.ActiveCfg = Release|Any CPU
		{15C0857E-BACD-43CF-A0A8-8B24FF4D93D7}.Release|iPhoneSimulator.Build.0 = Release|Any CPU
		{15C0857E-BACD-43CF-A0A8-8B24FF4D93D7}.Debug|iPhone.ActiveCfg = Debug|Any CPU
		{15C0857E-BACD-43CF-A0A8-8B24FF4D93D7}.Debug|iPhone.Build.0 = Debug|Any CPU
		{15C0857E-BACD-43CF-A0A8-8B24FF4D93D7}.calabash|Any CPU.ActiveCfg = Debug|Any CPU
		{D0586CDC-8BA7-42C8-840A-6E8317ECB833}.Debug|Any CPU.ActiveCfg = Debug|Any CPU
		{D0586CDC-8BA7-42C8-840A-6E8317ECB833}.Debug|Any CPU.Build.0 = Debug|Any CPU
		{D0586CDC-8BA7-42C8-840A-6E8317ECB833}.Release|Any CPU.ActiveCfg = Release|Any CPU
		{D0586CDC-8BA7-42C8-840A-6E8317ECB833}.Release|Any CPU.Build.0 = Release|Any CPU
		{D0586CDC-8BA7-42C8-840A-6E8317ECB833}.Debug|iPhoneSimulator.ActiveCfg = Debug|Any CPU
		{D0586CDC-8BA7-42C8-840A-6E8317ECB833}.Debug|iPhoneSimulator.Build.0 = Debug|Any CPU
		{D0586CDC-8BA7-42C8-840A-6E8317ECB833}.Release|iPhone.ActiveCfg = Release|Any CPU
		{D0586CDC-8BA7-42C8-840A-6E8317ECB833}.Release|iPhone.Build.0 = Release|Any CPU
		{D0586CDC-8BA7-42C8-840A-6E8317ECB833}.Release|iPhoneSimulator.ActiveCfg = Release|Any CPU
		{D0586CDC-8BA7-42C8-840A-6E8317ECB833}.Release|iPhoneSimulator.Build.0 = Release|Any CPU
		{D0586CDC-8BA7-42C8-840A-6E8317ECB833}.Debug|iPhone.ActiveCfg = Debug|Any CPU
		{D0586CDC-8BA7-42C8-840A-6E8317ECB833}.Debug|iPhone.Build.0 = Debug|Any CPU
		{D0586CDC-8BA7-42C8-840A-6E8317ECB833}.calabash|Any CPU.ActiveCfg = Release|Any CPU
		{D0586CDC-8BA7-42C8-840A-6E8317ECB833}.calabash|Any CPU.Build.0 = Release|Any CPU
	EndGlobalSection
EndGlobal
